
Microsoft Visual Studio Solution File, Format Version 12.00
# Visual Studio Version 17
VisualStudioVersion = 17.10.35027.167
MinimumVisualStudioVersion = 10.0.40219.1
Project("{FAE04EC0-301F-11D3-BF4B-00C04F79EFBC}") = "SearchingAlgorithms", "SearchingAlgorithms.csproj", "{7F3CB897-1913-4986-87C1-8CFBE89F287C}"
EndProject
Global
	GlobalSection(SolutionConfigurationPlatforms) = preSolution
		Debug|Any CPU = Debug|Any CPU
		Release|Any CPU = Release|Any CPU
	EndGlobalSection
	GlobalSection(ProjectConfigurationPlatforms) = postSolution
		{7F3CB897-1913-4986-87C1-8CFBE89F287C}.Debug|Any CPU.ActiveCfg = Debug|Any CPU
		{7F3CB897-1913-4986-87C1-8CFBE89F287C}.Debug|Any CPU.Build.0 = Debug|Any CPU
		{7F3CB897-1913-4986-87C1-8CFBE89F287C}.Release|Any CPU.ActiveCfg = Release|Any CPU
		{7F3CB897-1913-4986-87C1-8CFBE89F287C}.Release|Any CPU.Build.0 = Release|Any CPU
	EndGlobalSection
	GlobalSection(SolutionProperties) = preSolution
		HideSolutionNode = FALSE
	EndGlobalSection
	GlobalSection(ExtensibilityGlobals) = postSolution
		SolutionGuid = {58124904-5737-4588-9AD0-C297CA47986E}
	EndGlobalSection
EndGlobal
